
Microsoft Visual Studio Solution File, Format Version 12.00
# Visual Studio Version 17
VisualStudioVersion = 17.0.32014.148
MinimumVisualStudioVersion = 10.0.40219.1
Project("{FAE04EC0-301F-11D3-BF4B-00C04F79EFBC}") = "Publisher", "Publisher\Publisher.csproj", "{7984E8FB-54BB-4F83-ACF1-F8FE5A4FCFFE}"
EndProject
Project("{FAE04EC0-301F-11D3-BF4B-00C04F79EFBC}") = "Consumer", "Consumer\Consumer.csproj", "{6E5D1379-7123-4C6F-B859-FF04A7D17570}"
EndProject
Project("{E53339B2-1760-4266-BCC7-CA923CBCF16C}") = "docker-compose", "docker-compose.dcproj", "{A8E607E6-0851-4AF6-8807-43F3D7F16290}"
EndProject
Global
	GlobalSection(SolutionConfigurationPlatforms) = preSolution
		Debug|Any CPU = Debug|Any CPU
		Release|Any CPU = Release|Any CPU
	EndGlobalSection
	GlobalSection(ProjectConfigurationPlatforms) = postSolution
		{7984E8FB-54BB-4F83-ACF1-F8FE5A4FCFFE}.Debug|Any CPU.ActiveCfg = Debug|Any CPU
		{7984E8FB-54BB-4F83-ACF1-F8FE5A4FCFFE}.Debug|Any CPU.Build.0 = Debug|Any CPU
		{7984E8FB-54BB-4F83-ACF1-F8FE5A4FCFFE}.Release|Any CPU.ActiveCfg = Release|Any CPU
		{7984E8FB-54BB-4F83-ACF1-F8FE5A4FCFFE}.Release|Any CPU.Build.0 = Release|Any CPU
		{6E5D1379-7123-4C6F-B859-FF04A7D17570}.Debug|Any CPU.ActiveCfg = Debug|Any CPU
		{6E5D1379-7123-4C6F-B859-FF04A7D17570}.Debug|Any CPU.Build.0 = Debug|Any CPU
		{6E5D1379-7123-4C6F-B859-FF04A7D17570}.Release|Any CPU.ActiveCfg = Release|Any CPU
		{6E5D1379-7123-4C6F-B859-FF04A7D17570}.Release|Any CPU.Build.0 = Release|Any CPU
		{A8E607E6-0851-4AF6-8807-43F3D7F16290}.Debug|Any CPU.ActiveCfg = Debug|Any CPU
		{A8E607E6-0851-4AF6-8807-43F3D7F16290}.Debug|Any CPU.Build.0 = Debug|Any CPU
		{A8E607E6-0851-4AF6-8807-43F3D7F16290}.Release|Any CPU.ActiveCfg = Release|Any CPU
		{A8E607E6-0851-4AF6-8807-43F3D7F16290}.Release|Any CPU.Build.0 = Release|Any CPU
	EndGlobalSection
	GlobalSection(SolutionProperties) = preSolution
		HideSolutionNode = FALSE
	EndGlobalSection
	GlobalSection(ExtensibilityGlobals) = postSolution
		SolutionGuid = {BE8A1DA1-4271-444F-87F1-A03B6B2AC9E4}
	EndGlobalSection
EndGlobal
